dependencies:
  esphome/micro-opus:
    component_hash: c4cec51b6e45b9b660bf8725a10c65f46485ff8b37ff664e4da3fd738301c71e
    dependencies:
    - name: idf
      require: private
      version: '>=4.4'
    source:
      registry_url: https://components.espressif.com/
      type: service
    version: 0.4.1
  espressif/dl_fft:
    component_hash: ced3cf28cc70452b7859c06f4e5059215167254a2047e34c893d6f501ccd6ea2
    dependencies:
    - name: idf
      require: private
      version: '>=5.0'
    source:
      registry_url: https://components.espressif.com/
      type: service
    version: 0.4.0
  espressif/esp-dsp:
    component_hash: 619639efc18cfa361a9e423739b9b0ffc14991effc6c027f955c2f2c3bf1754b
    dependencies:
    - name: idf
      require: private
      version: '>=4.2'
    source:
      registry_url: https://components.espressif.com/
      type: service
    version: 1.6.0
  espressif/esp_codec_dev:
    component_hash: 896c67360ae1f8dedaf8a53dfe48c015317fa455f061a5165307892296990028
    dependencies:
    - name: idf
      require: private
      version: '>=4.0'
    source:
      registry_url: https://components.espressif.com/
      type: service
    version: 1.5.10
  espressif/esp_muxer:
    component_hash: 390a00633bdd35cf90bdfc55cdfe895a937546e86c63cee18989bf0c1ff194bc
    dependencies: []
    source:
      registry_url: https://components.espressif.com/
      type: service
    version: 1.2.2
  idf:
    source:
      type: idf
    version: 5.5.0
direct_dependencies:
- esphome/micro-opus
- espressif/dl_fft
- espressif/esp-dsp
- espressif/esp_codec_dev
- espressif/esp_muxer
- idf
manifest_hash: 9eb95c3dce89b79226d0513a879a08a822de966aad61b2b73c38cd72c476ec3f
target: esp32s3
version: 2.0.0
